// !$*UTF8*$!
{
	archiveVersion = 1;
	classes = {
	};
	objectVersion = 56;
	objects = {

/* Begin PBXBuildFile section */
		03A8B5102937DEDC00DB947E /* settingsAppApp.swift in Sources */ = {isa = PBXBuildFile; fileRef = 03A8B50F2937DEDC00DB947E /* settingsAppApp.swift */; };
		03A8B5122937DEDC00DB947E /* ContentView.swift in Sources */ = {isa = PBXBuildFile; fileRef = 03A8B5112937DEDC00DB947E /* ContentView.swift */; };
		03A8B5142937DEDE00DB947E /* Assets.xcassets in Resources */ = {isa = PBXBuildFile; fileRef = 03A8B5132937DEDE00DB947E /* Assets.xcassets */; };
		03A8B5172937DEDE00DB947E /* Preview Assets.xcassets in Resources */ = {isa = PBXBuildFile; fileRef = 03A8B5162937DEDE00DB947E /* Preview Assets.xcassets */; };
		03A8B5212937DEDE00DB947E /* settingsAppTests.swift in Sources */ = {isa = PBXBuildFile; fileRef = 03A8B5202937DEDE00DB947E /* settingsAppTests.swift */; };
		03A8B52B2937DEDE00DB947E /* settingsAppUITests.swift in Sources */ = {isa = PBXBuildFile; fileRef = 03A8B52A2937DEDE00DB947E /* settingsAppUITests.swift */; };
		03A8B52D2937DEDE00DB947E /* settingsAppUITestsLaunchTests.swift in Sources */ = {isa = PBXBuildFile; fileRef = 03A8B52C2937DEDE00DB947E /* settingsAppUITestsLaunchTests.swift */; };
		03A8B53A2937E2A300DB947E /* profile.swift in Sources */ = {isa = PBXBuildFile; fileRef = 03A8B5392937E2A300DB947E /* profile.swift */; };
		03A8B53C2937E99800DB947E /* viewModel.swift in Sources */ = {isa = PBXBuildFile; fileRef = 03A8B53B2937E99800DB947E /* viewModel.swift */; };
/* End PBXBuildFile section */

/* Begin PBXContainerItemProxy section */
		03A8B51D2937DEDE00DB947E /* PBXContainerItemProxy */ = {
			isa = PBXContainerItemProxy;
			containerPortal = 03A8B5042937DEDC00DB947E /* Project object */;
			proxyType = 1;
			remoteGlobalIDString = 03A8B50B2937DEDC00DB947E;
			remoteInfo = settingsApp;
		};
		03A8B5272937DEDE00DB947E /* PBXContainerItemProxy */ = {
			isa = PBXContainerItemProxy;
			containerPortal = 03A8B5042937DEDC00DB947E /* Project object */;
			proxyType = 1;
			remoteGlobalIDString = 03A8B50B2937DEDC00DB947E;
			remoteInfo = settingsApp;
		};
/* End PBXContainerItemProxy section */

/* Begin PBXFileReference section */
		03A8B50C2937DEDC00DB947E /* settingsApp.app */ = {isa = PBXFileReference; explicitFileType = wrapper.application; includeInIndex = 0; path = settingsApp.app; sourceTree = BUILT_PRODUCTS_DIR; };
		03A8B50F2937DEDC00DB947E /* settingsAppApp.swift */ = {isa = PBXFileReference; lastKnownFileType = sourcecode.swift; path = settingsAppApp.swift; sourceTree = "<group>"; };
		03A8B5112937DEDC00DB947E /* ContentView.swift */ = {isa = PBXFileReference; lastKnownFileType = sourcecode.swift; path = ContentView.swift; sourceTree = "<group>"; };
		03A8B5132937DEDE00DB947E /* Assets.xcassets */ = {isa = PBXFileReference; lastKnownFileType = folder.assetcatalog; path = Assets.xcassets; sourceTree = "<group>"; };
		03A8B5162937DEDE00DB947E /* Preview Assets.xcassets */ = {isa = PBXFileReference; lastKnownFileType = folder.assetcatalog; path = "Preview Assets.xcassets"; sourceTree = "<group>"; };
		03A8B51C2937DEDE00DB947E /* settingsAppTests.xctest */ = {isa = PBXFileReference; explicitFileType = wrapper.cfbundle; includeInIndex = 0; path = settingsAppTests.xctest; sourceTree = BUILT_PRODUCTS_DIR; };
		03A8B5202937DEDE00DB947E /* settingsAppTests.swift */ = {isa = PBXFileReference; lastKnownFileType = sourcecode.swift; path = settingsAppTests.swift; sourceTree = "<group>"; };
		03A8B5262937DEDE00DB947E /* settingsAppUITests.xctest */ = {isa = PBXFileReference; explicitFileType = wrapper.cfbundle; includeInIndex = 0; path = settingsAppUITests.xctest; sourceTree = BUILT_PRODUCTS_DIR; };
		03A8B52A2937DEDE00DB947E /* settingsAppUITests.swift */ = {isa = PBXFileReference; lastKnownFileType = sourcecode.swift; path = settingsAppUITests.swift; sourceTree = "<group>"; };
		03A8B52C2937DEDE00DB947E /* settingsAppUITestsLaunchTests.swift */ = {isa = PBXFileReference; lastKnownFileType = sourcecode.swift; path = settingsAppUITestsLaunchTests.swift; sourceTree = "<group>"; };
		03A8B5392937E2A300DB947E /* profile.swift */ = {isa = PBXFileReference; lastKnownFileType = sourcecode.swift; path = profile.swift; sourceTree = "<group>"; };
		03A8B53B2937E99800DB947E /* viewModel.swift */ = {isa = PBXFileReference; lastKnownFileType = sourcecode.swift; path = viewModel.swift; sourceTree = "<group>"; };
/* End PBXFileReference section */

/* Begin PBXFrameworksBuildPhase section */
		03A8B5092937DEDC00DB947E /* Frameworks */ = {
			isa = PBXFrameworksBuildPhase;
			buildActionMask = 2147483647;
			files = (
			);
			runOnlyForDeploymentPostprocessing = 0;
		};
		03A8B5192937DEDE00DB947E /* Frameworks */ = {
			isa = PBXFrameworksBuildPhase;
			buildActionMask = 2147483647;
			files = (
			);
			runOnlyForDeploymentPostprocessing = 0;
		};
		03A8B5232937DEDE00DB947E /* Frameworks */ = {
			isa = PBXFrameworksBuildPhase;
			buildActionMask = 2147483647;
			files = (
			);
			runOnlyForDeploymentPostprocessing = 0;
		};
/* End PBXFrameworksBuildPhase section */

/* Begin PBXGroup section */
		03A8B5032937DEDC00DB947E = {
			isa = PBXGroup;
			children = (
				03A8B50E2937DEDC00DB947E /* settingsApp */,
				03A8B51F2937DEDE00DB947E /* settingsAppTests */,
				03A8B5292937DEDE00DB947E /* settingsAppUITests */,
				03A8B50D2937DEDC00DB947E /* Products */,
			);
			sourceTree = "<group>";
		};
		03A8B50D2937DEDC00DB947E /* Products */ = {
			isa = PBXGroup;
			children = (
				03A8B50C2937DEDC00DB947E /* settingsApp.app */,
				03A8B51C2937DEDE00DB947E /* settingsAppTests.xctest */,
				03A8B5262937DEDE00DB947E /* settingsAppUITests.xctest */,
			);
			name = Products;
			sourceTree = "<group>";
		};
		03A8B50E2937DEDC00DB947E /* settingsApp */ = {
			isa = PBXGroup;
			children = (
				03A8B50F2937DEDC00DB947E /* settingsAppApp.swift */,
				03A8B5112937DEDC00DB947E /* ContentView.swift */,
				03A8B5392937E2A300DB947E /* profile.swift */,
				03A8B5132937DEDE00DB947E /* Assets.xcassets */,
				03A8B5152937DEDE00DB947E /* Preview Content */,
				03A8B53B2937E99800DB947E /* viewModel.swift */,
			);
			path = settingsApp;
			sourceTree = "<group>";
		};
		03A8B5152937DEDE00DB947E /* Preview Content */ = {
			isa = PBXGroup;
			children = (
				03A8B5162937DEDE00DB947E /* Preview Assets.xcassets */,
			);
			path = "Preview Content";
			sourceTree = "<group>";
		};
		03A8B51F2937DEDE00DB947E /* settingsAppTests */ = {
			isa = PBXGroup;
			children = (
				03A8B5202937DEDE00DB947E /* settingsAppTests.swift */,
			);
			path = settingsAppTests;
			sourceTree = "<group>";
		};
		03A8B5292937DEDE00DB947E /* settingsAppUITests */ = {
			isa = PBXGroup;
			children = (
				03A8B52A2937DEDE00DB947E /* settingsAppUITests.swift */,
				03A8B52C2937DEDE00DB947E /* settingsAppUITestsLaunchTests.swift */,
			);
			path = settingsAppUITests;
			sourceTree = "<group>";
		};
/* End PBXGroup section */

/* Begin PBXNativeTarget section */
		03A8B50B2937DEDC00DB947E /* settingsApp */ = {
			isa = PBXNativeTarget;
			buildConfigurationList = 03A8B5302937DEDE00DB947E /* Build configuration list for PBXNativeTarget "settingsApp" */;
			buildPhases = (
				03A8B5082937DEDC00DB947E /* Sources */,
				03A8B5092937DEDC00DB947E /* Frameworks */,
				03A8B50A2937DEDC00DB947E /* Resources */,
			);
			buildRules = (
			);
			dependencies = (
			);
			name = settingsApp;
			productName = settingsApp;
			productReference = 03A8B50C2937DEDC00DB947E /* settingsApp.app */;
			productType = "com.apple.product-type.application";
		};
		03A8B51B2937DEDE00DB947E /* settingsAppTests */ = {
			isa = PBXNativeTarget;
			buildConfigurationList = 03A8B5332937DEDE00DB947E /* Build configuration list for PBXNativeTarget "settingsAppTests" */;
			buildPhases = (
				03A8B5182937DEDE00DB947E /* Sources */,
				03A8B5192937DEDE00DB947E /* Frameworks */,
				03A8B51A2937DEDE00DB947E /* Resources */,
			);
			buildRules = (
			);
			dependencies = (
				03A8B51E2937DEDE00DB947E /* PBXTargetDependency */,
			);
			name = settingsAppTests;
			productName = settingsAppTests;
			productReference = 03A8B51C2937DEDE00DB947E /* settingsAppTests.xctest */;
			productType = "com.apple.product-type.bundle.unit-test";
		};
		03A8B5252937DEDE00DB947E /* settingsAppUITests */ = {
			isa = PBXNativeTarget;
			buildConfigurationList = 03A8B5362937DEDE00DB947E /* Build configuration list for PBXNativeTarget "settingsAppUITests" */;
			buildPhases = (
				03A8B5222937DEDE00DB947E /* Sources */,
				03A8B5232937DEDE00DB947E /* Frameworks */,
				03A8B5242937DEDE00DB947E /* Resources */,
			);
			buildRules = (
			);
			dependencies = (
				03A8B5282937DEDE00DB947E /* PBXTargetDependency */,
			);
			name = settingsAppUITests;
			productName = settingsAppUITests;
			productReference = 03A8B5262937DEDE00DB947E /* settingsAppUITests.xctest */;
			productType = "com.apple.product-type.bundle.ui-testing";
		};
/* End PBXNativeTarget section */

/* Begin PBXProject section */
		03A8B5042937DEDC00DB947E /* Project object */ = {
			isa = PBXProject;
			attributes = {
				BuildIndependentTargetsInParallel = 1;
				LastSwiftUpdateCheck = 1400;
				LastUpgradeCheck = 1400;
				TargetAttributes = {
					03A8B50B2937DEDC00DB947E = {
						CreatedOnToolsVersion = 14.0.1;
					};
					03A8B51B2937DEDE00DB947E = {
						CreatedOnToolsVersion = 14.0.1;
						TestTargetID = 03A8B50B2937DEDC00DB947E;
					};
					03A8B5252937DEDE00DB947E = {
						CreatedOnToolsVersion = 14.0.1;
						TestTargetID = 03A8B50B2937DEDC00DB947E;
					};
				};
			};
			buildConfigurationList = 03A8B5072937DEDC00DB947E /* Build configuration list for PBXProject "settingsApp" */;
			compatibilityVersion = "Xcode 14.0";
			developmentRegion = en;
			hasScannedForEncodings = 0;
			knownRegions = (
				en,
				Base,
			);
			mainGroup = 03A8B5032937DEDC00DB947E;
			productRefGroup = 03A8B50D2937DEDC00DB947E /* Products */;
			projectDirPath = "";
			projectRoot = "";
			targets = (
				03A8B50B2937DEDC00DB947E /* settingsApp */,
				03A8B51B2937DEDE00DB947E /* settingsAppTests */,
				03A8B5252937DEDE00DB947E /* settingsAppUITests */,
			);
		};
/* End PBXProject section */

/* Begin PBXResourcesBuildPhase section */
		03A8B50A2937DEDC00DB947E /* Resources */ = {
			isa = PBXResourcesBuildPhase;
			buildActionMask = 2147483647;
			files = (
				03A8B5172937DEDE00DB947E /* Preview Assets.xcassets in Resources */,
				03A8B5142937DEDE00DB947E /* Assets.xcassets in Resources */,
			);
			runOnlyForDeploymentPostprocessing = 0;
		};
		03A8B51A2937DEDE00DB947E /* Resources */ = {
			isa = PBXResourcesBuildPhase;
			buildActionMask = 2147483647;
			files = (
			);
			runOnlyForDeploymentPostprocessing = 0;
		};
		03A8B5242937DEDE00DB947E /* Resources */ = {
			isa = PBXResourcesBuildPhase;
			buildActionMask = 2147483647;
			files = (
			);
			runOnlyForDeploymentPostprocessing = 0;
		};
/* End PBXResourcesBuildPhase section */

/* Begin PBXSourcesBuildPhase section */
		03A8B5082937DEDC00DB947E /* Sources */ = {
			isa = PBXSourcesBuildPhase;
			buildActionMask = 2147483647;
			files = (
				03A8B53A2937E2A300DB947E /* profile.swift in Sources */,
				03A8B5122937DEDC00DB947E /* ContentView.swift in Sources */,
				03A8B53C2937E99800DB947E /* viewModel.swift in Sources */,
				03A8B5102937DEDC00DB947E /* settingsAppApp.swift in Sources */,
			);
			runOnlyForDeploymentPostprocessing = 0;
		};
		03A8B5182937DEDE00DB947E /* Sources */ = {
			isa = PBXSourcesBuildPhase;
			buildActionMask = 2147483647;
			files = (
				03A8B5212937DEDE00DB947E /* settingsAppTests.swift in Sources */,
			);
			runOnlyForDeploymentPostprocessing = 0;
		};
		03A8B5222937DEDE00DB947E /* Sources */ = {
			isa = PBXSourcesBuildPhase;
			buildActionMask = 2147483647;
			files = (
				03A8B52B2937DEDE00DB947E /* settingsAppUITests.swift in Sources */,
				03A8B52D2937DEDE00DB947E /* settingsAppUITestsLaunchTests.swift in Sources */,
			);
			runOnlyForDeploymentPostprocessing = 0;
		};
/* End PBXSourcesBuildPhase section */

/* Begin PBXTargetDependency section */
		03A8B51E2937DEDE00DB947E /* PBXTargetDependency */ = {
			isa = PBXTargetDependency;
			target = 03A8B50B2937DEDC00DB947E /* settingsApp */;
			targetProxy = 03A8B51D2937DEDE00DB947E /* PBXContainerItemProxy */;
		};
		03A8B5282937DEDE00DB947E /* PBXTargetDependency */ = {
			isa = PBXTargetDependency;
			target = 03A8B50B2937DEDC00DB947E /* settingsApp */;
			targetProxy = 03A8B5272937DEDE00DB947E /* PBXContainerItemProxy */;
		};
/* End PBXTargetDependency section */

/* Begin XCBuildConfiguration section */
		03A8B52E2937DEDE00DB947E /* Debug */ = {
			isa = XCBuildConfiguration;
			buildSettings = {
				ALWAYS_SEARCH_USER_PATHS = NO;
				CLANG_ANALYZER_NONNULL = YES;
				CLANG_ANALYZER_NUMBER_OBJECT_CONVERSION = YES_AGGRESSIVE;
				CLANG_CXX_LANGUAGE_STANDARD = "gnu++20";
				CLANG_ENABLE_MODULES = YES;
				CLANG_ENABLE_OBJC_ARC = YES;
				CLANG_ENABLE_OBJC_WEAK = YES;
				CLANG_WARN_BLOCK_CAPTURE_AUTORELEASING = YES;
				CLANG_WARN_BOOL_CONVERSION = YES;
				CLANG_WARN_COMMA = YES;
				CLANG_WARN_CONSTANT_CONVERSION = YES;
				CLANG_WARN_DEPRECATED_OBJC_IMPLEMENTATIONS = YES;
				CLANG_WARN_DIRECT_OBJC_ISA_USAGE = YES_ERROR;
				CLANG_WARN_DOCUMENTATION_COMMENTS = YES;
				CLANG_WARN_EMPTY_BODY = YES;
				CLANG_WARN_ENUM_CONVERSION = YES;
				CLANG_WARN_INFINITE_RECURSION = YES;
				CLANG_WARN_INT_CONVERSION = YES;
				CLANG_WARN_NON_LITERAL_NULL_CONVERSION = YES;
				CLANG_WARN_OBJC_IMPLICIT_RETAIN_SELF = YES;
				CLANG_WARN_OBJC_LITERAL_CONVERSION = YES;
				CLANG_WARN_OBJC_ROOT_CLASS = YES_ERROR;
				CLANG_WARN_QUOTED_INCLUDE_IN_FRAMEWORK_HEADER = YES;
				CLANG_WARN_RANGE_LOOP_ANALYSIS = YES;
				CLANG_WARN_STRICT_PROTOTYPES = YES;
				CLANG_WARN_SUSPICIOUS_MOVE = YES;
				CLANG_WARN_UNGUARDED_AVAILABILITY = YES_AGGRESSIVE;
				CLANG_WARN_UNREACHABLE_CODE = YES;
				CLANG_WARN__DUPLICATE_METHOD_MATCH = YES;
				COPY_PHASE_STRIP = NO;
				DEBUG_INFORMATION_FORMAT = dwarf;
				ENABLE_STRICT_OBJC_MSGSEND = YES;
				ENABLE_TESTABILITY = YES;
				GCC_C_LANGUAGE_STANDARD = gnu11;
				GCC_DYNAMIC_NO_PIC = NO;
				GCC_NO_COMMON_BLOCKS = YES;
				GCC_OPTIMIZATION_LEVEL = 0;
				GCC_PREPROCESSOR_DEFINITIONS = (
					"DEBUG=1",
					"$(inherited)",
				);
				GCC_WARN_64_TO_32_BIT_CONVERSION = YES;
				GCC_WARN_ABOUT_RETURN_TYPE = YES_ERROR;
				GCC_WARN_UNDECLARED_SELECTOR = YES;
				GCC_WARN_UNINITIALIZED_AUTOS = YES_AGGRESSIVE;
				GCC_WARN_UNUSED_FUNCTION = YES;
				GCC_WARN_UNUSED_VARIABLE = YES;
				IPHONEOS_DEPLOYMENT_TARGET = 16.0;
				MTL_ENABLE_DEBUG_INFO = INCLUDE_SOURCE;
				MTL_FAST_MATH = YES;
				ONLY_ACTIVE_ARCH = YES;
				SDKROOT = iphoneos;
				SWIFT_ACTIVE_COMPILATION_CONDITIONS = DEBUG;
				SWIFT_OPTIMIZATION_LEVEL = "-Onone";
			};
			name = Debug;
		};
		03A8B52F2937DEDE00DB947E /* Release */ = {
			isa = XCBuildConfiguration;
			buildSettings = {
				ALWAYS_SEARCH_USER_PATHS = NO;
				CLANG_ANALYZER_NONNULL = YES;
				CLANG_ANALYZER_NUMBER_OBJECT_CONVERSION = YES_AGGRESSIVE;
				CLANG_CXX_LANGUAGE_STANDARD = "gnu++20";
				CLANG_ENABLE_MODULES = YES;
				CLANG_ENABLE_OBJC_ARC = YES;
				CLANG_ENABLE_OBJC_WEAK = YES;
				CLANG_WARN_BLOCK_CAPTURE_AUTORELEASING = YES;
				CLANG_WARN_BOOL_CONVERSION = YES;
				CLANG_WARN_COMMA = YES;
				CLANG_WARN_CONSTANT_CONVERSION = YES;
				CLANG_WARN_DEPRECATED_OBJC_IMPLEMENTATIONS = YES;
				CLANG_WARN_DIRECT_OBJC_ISA_USAGE = YES_ERROR;
				CLANG_WARN_DOCUMENTATION_COMMENTS = YES;
				CLANG_WARN_EMPTY_BODY = YES;
				CLANG_WARN_ENUM_CONVERSION = YES;
				CLANG_WARN_INFINITE_RECURSION = YES;
				CLANG_WARN_INT_CONVERSION = YES;
				CLANG_WARN_NON_LITERAL_NULL_CONVERSION = YES;
				CLANG_WARN_OBJC_IMPLICIT_RETAIN_SELF = YES;
				CLANG_WARN_OBJC_LITERAL_CONVERSION = YES;
				CLANG_WARN_OBJC_ROOT_CLASS = YES_ERROR;
				CLANG_WARN_QUOTED_INCLUDE_IN_FRAMEWORK_HEADER = YES;
				CLANG_WARN_RANGE_LOOP_ANALYSIS = YES;
				CLANG_WARN_STRICT_PROTOTYPES = YES;
				CLANG_WARN_SUSPICIOUS_MOVE = YES;
				CLANG_WARN_UNGUARDED_AVAILABILITY = YES_AGGRESSIVE;
				CLANG_WARN_UNREACHABLE_CODE = YES;
				CLANG_WARN__DUPLICATE_METHOD_MATCH = YES;
				COPY_PHASE_STRIP = NO;
				DEBUG_INFORMATION_FORMAT = "dwarf-with-dsym";
				ENABLE_NS_ASSERTIONS = NO;
				ENABLE_STRICT_OBJC_MSGSEND = YES;
				GCC_C_LANGUAGE_STANDARD = gnu11;
				GCC_NO_COMMON_BLOCKS = YES;
				GCC_WARN_64_TO_32_BIT_CONVERSION = YES;
				GCC_WARN_ABOUT_RETURN_TYPE = YES_ERROR;
				GCC_WARN_UNDECLARED_SELECTOR = YES;
				GCC_WARN_UNINITIALIZED_AUTOS = YES_AGGRESSIVE;
				GCC_WARN_UNUSED_FUNCTION = YES;
				GCC_WARN_UNUSED_VARIABLE = YES;
				IPHONEOS_DEPLOYMENT_TARGET = 16.0;
				MTL_ENABLE_DEBUG_INFO = NO;
				MTL_FAST_MATH = YES;
				SDKROOT = iphoneos;
				SWIFT_COMPILATION_MODE = wholemodule;
				SWIFT_OPTIMIZATION_LEVEL = "-O";
				VALIDATE_PRODUCT = YES;
			};
			name = Release;
		};
		03A8B5312937DEDE00DB947E /* Debug */ = {
			isa = XCBuildConfiguration;
			buildSettings = {
				ASSETCATALOG_COMPILER_APPICON_NAME = AppIcon;
				ASSETCATALOG_COMPILER_GLOBAL_ACCENT_COLOR_NAME = AccentColor;
				CODE_SIGN_STYLE = Automatic;
				CURRENT_PROJECT_VERSION = 1;
				DEVELOPMENT_ASSET_PATHS = "\"settingsApp/Preview Content\"";
				DEVELOPMENT_TEAM = 2L24TQ8W95;
				ENABLE_PREVIEWS = YES;
				GENERATE_INFOPLIST_FILE = YES;
				INFOPLIST_KEY_UIApplicationSceneManifest_Generation = YES;
				INFOPLIST_KEY_UIApplicationSupportsIndirectInputEvents = YES;
				INFOPLIST_KEY_UILaunchScreen_Generation = YES;
				INFOPLIST_KEY_UISupportedInterfaceOrientations_iPad = "UIInterfaceOrientationPortrait UIInterfaceOrientationPortraitUpsideDown UIInterfaceOrientationLandscapeLeft UIInterfaceOrientationLandscapeRight";
				INFOPLIST_KEY_UISupportedInterfaceOrientations_iPhone = "UIInterfaceOrientationPortrait UIInterfaceOrientationLandscapeLeft UIInterfaceOrientationLandscapeRight";
				LD_RUNPATH_SEARCH_PATHS = (
					"$(inherited)",
					"@executable_path/Frameworks",
				);
				MARKETING_VERSION = 1.0;
				PRODUCT_BUNDLE_IDENTIFIER = com.fmi.62492.settingsApp;
				PRODUCT_NAME = "$(TARGET_NAME)";
				SWIFT_EMIT_LOC_STRINGS = YES;
				SWIFT_VERSION = 5.0;
				TARGETED_DEVICE_FAMILY = "1,2";
			};
			name = Debug;
		};
		03A8B5322937DEDE00DB947E /* Release */ = {
			isa = XCBuildConfiguration;
			buildSettings = {
				ASSETCATALOG_COMPILER_APPICON_NAME = AppIcon;
				ASSETCATALOG_COMPILER_GLOBAL_ACCENT_COLOR_NAME = AccentColor;
				CODE_SIGN_STYLE = Automatic;
				CURRENT_PROJECT_VERSION = 1;
				DEVELOPMENT_ASSET_PATHS = "\"settingsApp/Preview Content\"";
				DEVELOPMENT_TEAM = 2L24TQ8W95;
				ENABLE_PREVIEWS = YES;
				GENERATE_INFOPLIST_FILE = YES;
				INFOPLIST_KEY_UIApplicationSceneManifest_Generation = YES;
				INFOPLIST_KEY_UIApplicationSupportsIndirectInputEvents = YES;
				INFOPLIST_KEY_UILaunchScreen_Generation = YES;
				INFOPLIST_KEY_UISupportedInterfaceOrientations_iPad = "UIInterfaceOrientationPortrait UIInterfaceOrientationPortraitUpsideDown UIInterfaceOrientationLandscapeLeft UIInterfaceOrientationLandscapeRight";
				INFOPLIST_KEY_UISupportedInterfaceOrientations_iPhone = "UIInterfaceOrientationPortrait UIInterfaceOrientationLandscapeLeft UIInterfaceOrientationLandscapeRight";
				LD_RUNPATH_SEARCH_PATHS = (
					"$(inherited)",
					"@executable_path/Frameworks",
				);
				MARKETING_VERSION = 1.0;
				PRODUCT_BUNDLE_IDENTIFIER = com.fmi.62492.settingsApp;
				PRODUCT_NAME = "$(TARGET_NAME)";
				SWIFT_EMIT_LOC_STRINGS = YES;
				SWIFT_VERSION = 5.0;
				TARGETED_DEVICE_FAMILY = "1,2";
			};
			name = Release;
		};
		03A8B5342937DEDE00DB947E /* Debug */ = {
			isa = XCBuildConfiguration;
			buildSettings = {
				ALWAYS_EMBED_SWIFT_STANDARD_LIBRARIES = YES;
				BUNDLE_LOADER = "$(TEST_HOST)";
				CODE_SIGN_STYLE = Automatic;
				CURRENT_PROJECT_VERSION = 1;
				DEVELOPMENT_TEAM = 2L24TQ8W95;
				GENERATE_INFOPLIST_FILE = YES;
				IPHONEOS_DEPLOYMENT_TARGET = 16.0;
				MARKETING_VERSION = 1.0;
				PRODUCT_BUNDLE_IDENTIFIER = com.fmi.62492.settingsAppTests;
				PRODUCT_NAME = "$(TARGET_NAME)";
				SWIFT_EMIT_LOC_STRINGS = NO;
				SWIFT_VERSION = 5.0;
				TARGETED_DEVICE_FAMILY = "1,2";
				TEST_HOST = "$(BUILT_PRODUCTS_DIR)/settingsApp.app/$(BUNDLE_EXECUTABLE_FOLDER_PATH)/settingsApp";
			};
			name = Debug;
		};
		03A8B5352937DEDE00DB947E /* Release */ = {
			isa = XCBuildConfiguration;
			buildSettings = {
				ALWAYS_EMBED_SWIFT_STANDARD_LIBRARIES = YES;
				BUNDLE_LOADER = "$(TEST_HOST)";
				CODE_SIGN_STYLE = Automatic;
				CURRENT_PROJECT_VERSION = 1;
				DEVELOPMENT_TEAM = 2L24TQ8W95;
				GENERATE_INFOPLIST_FILE = YES;
				IPHONEOS_DEPLOYMENT_TARGET = 16.0;
				MARKETING_VERSION = 1.0;
				PRODUCT_BUNDLE_IDENTIFIER = com.fmi.62492.settingsAppTests;
				PRODUCT_NAME = "$(TARGET_NAME)";
				SWIFT_EMIT_LOC_STRINGS = NO;
				SWIFT_VERSION = 5.0;
				TARGETED_DEVICE_FAMILY = "1,2";
				TEST_HOST = "$(BUILT_PRODUCTS_DIR)/settingsApp.app/$(BUNDLE_EXECUTABLE_FOLDER_PATH)/settingsApp";
			};
			name = Release;
		};
		03A8B5372937DEDE00DB947E /* Debug */ = {
			isa = XCBuildConfiguration;
			buildSettings = {
				ALWAYS_EMBED_SWIFT_STANDARD_LIBRARIES = YES;
				CODE_SIGN_STYLE = Automatic;
				CURRENT_PROJECT_VERSION = 1;
				DEVELOPMENT_TEAM = 2L24TQ8W95;
				GENERATE_INFOPLIST_FILE = YES;
				MARKETING_VERSION = 1.0;
				PRODUCT_BUNDLE_IDENTIFIER = com.fmi.62492.settingsAppUITests;
				PRODUCT_NAME = "$(TARGET_NAME)";
				SWIFT_EMIT_LOC_STRINGS = NO;
				SWIFT_VERSION = 5.0;
				TARGETED_DEVICE_FAMILY = "1,2";
				TEST_TARGET_NAME = settingsApp;
			};
			name = Debug;
		};
		03A8B5382937DEDE00DB947E /* Release */ = {
			isa = XCBuildConfiguration;
			buildSettings = {
				ALWAYS_EMBED_SWIFT_STANDARD_LIBRARIES = YES;
				CODE_SIGN_STYLE = Automatic;
				CURRENT_PROJECT_VERSION = 1;
				DEVELOPMENT_TEAM = 2L24TQ8W95;
				GENERATE_INFOPLIST_FILE = YES;
				MARKETING_VERSION = 1.0;
				PRODUCT_BUNDLE_IDENTIFIER = com.fmi.62492.settingsAppUITests;
				PRODUCT_NAME = "$(TARGET_NAME)";
				SWIFT_EMIT_LOC_STRINGS = NO;
				SWIFT_VERSION = 5.0;
				TARGETED_DEVICE_FAMILY = "1,2";
				TEST_TARGET_NAME = settingsApp;
			};
			name = Release;
		};
/* End XCBuildConfiguration section */

/* Begin XCConfigurationList section */
		03A8B5072937DEDC00DB947E /* Build configuration list for PBXProject "settingsApp" */ = {
			isa = XCConfigurationList;
			buildConfigurations = (
				03A8B52E2937DEDE00DB947E /* Debug */,
				03A8B52F2937DEDE00DB947E /* Release */,
			);
			defaultConfigurationIsVisible = 0;
			defaultConfigurationName = Release;
		};
		03A8B5302937DEDE00DB947E /* Build configuration list for PBXNativeTarget "settingsApp" */ = {
			isa = XCConfigurationList;
			buildConfigurations = (
				03A8B5312937DEDE00DB947E /* Debug */,
				03A8B5322937DEDE00DB947E /* Release */,
			);
			defaultConfigurationIsVisible = 0;
			defaultConfigurationName = Release;
		};
		03A8B5332937DEDE00DB947E /* Build configuration list for PBXNativeTarget "settingsAppTests" */ = {
			isa = XCConfigurationList;
			buildConfigurations = (
				03A8B5342937DEDE00DB947E /* Debug */,
				03A8B5352937DEDE00DB947E /* Release */,
			);
			defaultConfigurationIsVisible = 0;
			defaultConfigurationName = Release;
		};
		03A8B5362937DEDE00DB947E /* Build configuration list for PBXNativeTarget "settingsAppUITests" */ = {
			isa = XCConfigurationList;
			buildConfigurations = (
				03A8B5372937DEDE00DB947E /* Debug */,
				03A8B5382937DEDE00DB947E /* Release */,
			);
			defaultConfigurationIsVisible = 0;
			defaultConfigurationName = Release;
		};
/* End XCConfigurationList section */
	};
	rootObject = 03A8B5042937DEDC00DB947E /* Project object */;
}
